Microsoft Visual Studio Solution File, Format Version 12.00
# Visual Studio Version 16
VisualStudioVersion = 25.0.1705.1
MinimumVisualStudioVersion = 10.0.40219.1
Project("{FAE04EC0-301F-11D3-BF4B-00C04F79EFBC}") = "LogFlake", "LogFlake.csproj", "{032DB386-EA7B-4465-8C26-DD89A9CE275D}"
EndProject
Global
	GlobalSection(SolutionConfigurationPlatforms) = preSolution
		Debug|Any CPU = Debug|Any CPU
		Release|Any CPU = Release|Any CPU
	EndGlobalSection
	GlobalSection(ProjectConfigurationPlatforms) = postSolution
		{032DB386-EA7B-4465-8C26-DD89A9CE275D}.Debug|Any CPU.ActiveCfg = Debug|Any CPU
		{032DB386-EA7B-4465-8C26-DD89A9CE275D}.Debug|Any CPU.Build.0 = Debug|Any CPU
		{032DB386-EA7B-4465-8C26-DD89A9CE275D}.Release|Any CPU.ActiveCfg = Release|Any CPU
		{032DB386-EA7B-4465-8C26-DD89A9CE275D}.Release|Any CPU.Build.0 = Release|Any CPU
	EndGlobalSection
	GlobalSection(SolutionProperties) = preSolution
		HideSolutionNode = FALSE
	EndGlobalSection
	GlobalSection(ExtensibilityGlobals) = postSolution
		SolutionGuid = {E1FD3104-DDE7-4E25-A25A-75311D41835D}
	EndGlobalSection
EndGlobal
